
Microsoft Visual Studio Solution File, Format Version 12.00
# Visual Studio Version 17
VisualStudioVersion = 17.1.32414.318
MinimumVisualStudioVersion = 10.0.40219.1
Project("{9A19103F-16F7-4668-BE54-9A1E7A4F7556}") = "Kinopoisk", "Kinopoisk\Kinopoisk.csproj", "{0218819E-CF14-4626-B1C8-2F234ADBDC8A}"
EndProject
Project("{FAE04EC0-301F-11D3-BF4B-00C04F79EFBC}") = "KinopoiskData", "KinopoiskData\KinopoiskData.csproj", "{5806648E-471A-4DBC-85C7-E820EEA98A5A}"
EndProject
Project("{FAE04EC0-301F-11D3-BF4B-00C04F79EFBC}") = "KinopoiskDomain", "KinopoiskDomain\KinopoiskDomain.csproj", "{B40AE62D-A8F7-49FC-8C32-0B7993B55471}"
EndProject
Global
	GlobalSection(SolutionConfigurationPlatforms) = preSolution
		Debug|Any CPU = Debug|Any CPU
		Release|Any CPU = Release|Any CPU
	EndGlobalSection
	GlobalSection(ProjectConfigurationPlatforms) = postSolution
		{0218819E-CF14-4626-B1C8-2F234ADBDC8A}.Debug|Any CPU.ActiveCfg = Debug|Any CPU
		{0218819E-CF14-4626-B1C8-2F234ADBDC8A}.Debug|Any CPU.Build.0 = Debug|Any CPU
		{0218819E-CF14-4626-B1C8-2F234ADBDC8A}.Release|Any CPU.ActiveCfg = Release|Any CPU
		{0218819E-CF14-4626-B1C8-2F234ADBDC8A}.Release|Any CPU.Build.0 = Release|Any CPU
		{5806648E-471A-4DBC-85C7-E820EEA98A5A}.Debug|Any CPU.ActiveCfg = Debug|Any CPU
		{5806648E-471A-4DBC-85C7-E820EEA98A5A}.Debug|Any CPU.Build.0 = Debug|Any CPU
		{5806648E-471A-4DBC-85C7-E820EEA98A5A}.Release|Any CPU.ActiveCfg = Release|Any CPU
		{5806648E-471A-4DBC-85C7-E820EEA98A5A}.Release|Any CPU.Build.0 = Release|Any CPU
		{B40AE62D-A8F7-49FC-8C32-0B7993B55471}.Debug|Any CPU.ActiveCfg = Debug|Any CPU
		{B40AE62D-A8F7-49FC-8C32-0B7993B55471}.Debug|Any CPU.Build.0 = Debug|Any CPU
		{B40AE62D-A8F7-49FC-8C32-0B7993B55471}.Release|Any CPU.ActiveCfg = Release|Any CPU
		{B40AE62D-A8F7-49FC-8C32-0B7993B55471}.Release|Any CPU.Build.0 = Release|Any CPU
	EndGlobalSection
	GlobalSection(SolutionProperties) = preSolution
		HideSolutionNode = FALSE
	EndGlobalSection
	GlobalSection(ExtensibilityGlobals) = postSolution
		SolutionGuid = {66D06AFF-AE5B-4006-B775-8299C611810D}
	EndGlobalSection
EndGlobal
