
Microsoft Visual Studio Solution File, Format Version 12.00
# Visual Studio Version 17
VisualStudioVersion = 17.1.32414.318
MinimumVisualStudioVersion = 10.0.40219.1
Project("{9A19103F-16F7-4668-BE54-9A1E7A4F7556}") = "Kinopoisk", "Kinopoisk\Kinopoisk.csproj", "{0218819E-CF14-4626-B1C8-2F234ADBDC8A}"
EndProject
Project("{9A19103F-16F7-4668-BE54-9A1E7A4F7556}") = "Kinopoisk.DAL", "Kinopoisk.DAL\Kinopoisk.DAL.csproj", "{59C612B9-6291-41D0-A469-014BEB992E53}"
	ProjectSection(ProjectDependencies) = postProject
		{05D334F2-7540-43BF-BB94-2680C9601671} = {05D334F2-7540-43BF-BB94-2680C9601671}
	EndProjectSection
EndProject
Project("{9A19103F-16F7-4668-BE54-9A1E7A4F7556}") = "Kinopoisk.Domain", "Kinopoisk.Domain\Kinopoisk.Domain.csproj", "{15C23BD2-7C8D-4259-A2FB-1470973C94C8}"
EndProject
Project("{9A19103F-16F7-4668-BE54-9A1E7A4F7556}") = "Kinopoisk.Service", "Kinopoisk.Service\Kinopoisk.Service.csproj", "{154597A5-F645-4883-832A-57DED0837A7E}"
EndProject
Project("{FAE04EC0-301F-11D3-BF4B-00C04F79EFBC}") = "Kinopoisk.Library", "Kinopoisk.Library\Kinopoisk.Library.csproj", "{05D334F2-7540-43BF-BB94-2680C9601671}"
EndProject
Global
	GlobalSection(SolutionConfigurationPlatforms) = preSolution
		Debug|Any CPU = Debug|Any CPU
		Release|Any CPU = Release|Any CPU
	EndGlobalSection
	GlobalSection(ProjectConfigurationPlatforms) = postSolution
		{0218819E-CF14-4626-B1C8-2F234ADBDC8A}.Debug|Any CPU.ActiveCfg = Debug|Any CPU
		{0218819E-CF14-4626-B1C8-2F234ADBDC8A}.Debug|Any CPU.Build.0 = Debug|Any CPU
		{0218819E-CF14-4626-B1C8-2F234ADBDC8A}.Release|Any CPU.ActiveCfg = Release|Any CPU
		{0218819E-CF14-4626-B1C8-2F234ADBDC8A}.Release|Any CPU.Build.0 = Release|Any CPU
		{59C612B9-6291-41D0-A469-014BEB992E53}.Debug|Any CPU.ActiveCfg = Debug|Any CPU
		{59C612B9-6291-41D0-A469-014BEB992E53}.Debug|Any CPU.Build.0 = Debug|Any CPU
		{59C612B9-6291-41D0-A469-014BEB992E53}.Release|Any CPU.ActiveCfg = Release|Any CPU
		{59C612B9-6291-41D0-A469-014BEB992E53}.Release|Any CPU.Build.0 = Release|Any CPU
		{15C23BD2-7C8D-4259-A2FB-1470973C94C8}.Debug|Any CPU.ActiveCfg = Debug|Any CPU
		{15C23BD2-7C8D-4259-A2FB-1470973C94C8}.Debug|Any CPU.Build.0 = Debug|Any CPU
		{15C23BD2-7C8D-4259-A2FB-1470973C94C8}.Release|Any CPU.ActiveCfg = Release|Any CPU
		{15C23BD2-7C8D-4259-A2FB-1470973C94C8}.Release|Any CPU.Build.0 = Release|Any CPU
		{154597A5-F645-4883-832A-57DED0837A7E}.Debug|Any CPU.ActiveCfg = Debug|Any CPU
		{154597A5-F645-4883-832A-57DED0837A7E}.Debug|Any CPU.Build.0 = Debug|Any CPU
		{154597A5-F645-4883-832A-57DED0837A7E}.Release|Any CPU.ActiveCfg = Release|Any CPU
		{154597A5-F645-4883-832A-57DED0837A7E}.Release|Any CPU.Build.0 = Release|Any CPU
		{05D334F2-7540-43BF-BB94-2680C9601671}.Debug|Any CPU.ActiveCfg = Debug|Any CPU
		{05D334F2-7540-43BF-BB94-2680C9601671}.Debug|Any CPU.Build.0 = Debug|Any CPU
		{05D334F2-7540-43BF-BB94-2680C9601671}.Release|Any CPU.ActiveCfg = Release|Any CPU
		{05D334F2-7540-43BF-BB94-2680C9601671}.Release|Any CPU.Build.0 = Release|Any CPU
	EndGlobalSection
	GlobalSection(SolutionProperties) = preSolution
		HideSolutionNode = FALSE
	EndGlobalSection
	GlobalSection(ExtensibilityGlobals) = postSolution
		SolutionGuid = {66D06AFF-AE5B-4006-B775-8299C611810D}
	EndGlobalSection
EndGlobal
